// !$*UTF8*$!
{
	archiveVersion = 1;
	classes = {
	};
	objectVersion = 50;
	objects = {

/* Begin PBXBuildFile section */
		C11CBB8B21F8BC8500BFB01C /* AppDelegate.swift in Sources */ = {isa = PBXBuildFile; fileRef = C11CBB8A21F8BC8500BFB01C /* AppDelegate.swift */; };
		C11CBB8D21F8BC8500BFB01C /* ViewController.swift in Sources */ = {isa = PBXBuildFile; fileRef = C11CBB8C21F8BC8500BFB01C /* ViewController.swift */; };
		C11CBB9021F8BC8500BFB01C /* Main.storyboard in Resources */ = {isa = PBXBuildFile; fileRef = C11CBB8E21F8BC8500BFB01C /* Main.storyboard */; };
		C11CBB9221F8BC8600BFB01C /* Assets.xcassets in Resources */ = {isa = PBXBuildFile; fileRef = C11CBB9121F8BC8600BFB01C /* Assets.xcassets */; };
		C11CBB9521F8BC8600BFB01C /* LaunchScreen.storyboard in Resources */ = {isa = PBXBuildFile; fileRef = C11CBB9321F8BC8600BFB01C /* LaunchScreen.storyboard */; };
		C129DEEE22034B7E004C2D45 /* NetworkLayer.swift in Sources */ = {isa = PBXBuildFile; fileRef = C129DEED22034B7E004C2D45 /* NetworkLayer.swift */; };
		C129DEF022034BAE004C2D45 /* BaseViewController.swift in Sources */ = {isa = PBXBuildFile; fileRef = C129DEEF22034BAE004C2D45 /* BaseViewController.swift */; };
		C129DEF222034BBD004C2D45 /* ViewViewController.swift in Sources */ = {isa = PBXBuildFile; fileRef = C129DEF122034BBD004C2D45 /* ViewViewController.swift */; };
		C129DEF422034BCB004C2D45 /* ModelViewController.swift in Sources */ = {isa = PBXBuildFile; fileRef = C129DEF322034BCB004C2D45 /* ModelViewController.swift */; };
		C1A28FDF221C671E00CA41F0 /* CreateUserViewController.swift in Sources */ = {isa = PBXBuildFile; fileRef = C1A28FDE221C671E00CA41F0 /* CreateUserViewController.swift */; };
		C1D260BA222834F000B376D8 /* GoogleService-Info.plist in Resources */ = {isa = PBXBuildFile; fileRef = C1D260B9222834F000B376D8 /* GoogleService-Info.plist */; };
		C1D4FBB8220C72EB00046E5D /* MovieInfoModel.swift in Sources */ = {isa = PBXBuildFile; fileRef = C1D4FBB7220C72EB00046E5D /* MovieInfoModel.swift */; };
		C1D4FBBB220C78C000046E5D /* MovieInfoCell.swift in Sources */ = {isa = PBXBuildFile; fileRef = C1D4FBB9220C78C000046E5D /* MovieInfoCell.swift */; };
		C1D4FBBC220C78C000046E5D /* MovieInfoCell.xib in Resources */ = {isa = PBXBuildFile; fileRef = C1D4FBBA220C78C000046E5D /* MovieInfoCell.xib */; };
		FC54E46BED38B1483C1D5191 /* Pods_Mamut.framework in Frameworks */ = {isa = PBXBuildFile; fileRef = 45EB912732A6A41086CE1635 /* Pods_Mamut.framework */; };
/* End PBXBuildFile section */

/* Begin PBXFileReference section */
		45EB912732A6A41086CE1635 /* Pods_Mamut.framework */ = {isa = PBXFileReference; explicitFileType = wrapper.framework; includeInIndex = 0; path = Pods_Mamut.framework; sourceTree = BUILT_PRODUCTS_DIR; };
		4BD25B212A120E5BC23AC583 /* Pods-Mamut.debug.xcconfig */ = {isa = PBXFileReference; includeInIndex = 1; lastKnownFileType = text.xcconfig; name = "Pods-Mamut.debug.xcconfig"; path = "Target Support Files/Pods-Mamut/Pods-Mamut.debug.xcconfig"; sourceTree = "<group>"; };
		C11CBB8721F8BC8500BFB01C /* Mamut.app */ = {isa = PBXFileReference; explicitFileType = wrapper.application; includeInIndex = 0; path = Mamut.app; sourceTree = BUILT_PRODUCTS_DIR; };
		C11CBB8A21F8BC8500BFB01C /* AppDelegate.swift */ = {isa = PBXFileReference; lastKnownFileType = sourcecode.swift; path = AppDelegate.swift; sourceTree = "<group>"; };
		C11CBB8C21F8BC8500BFB01C /* ViewController.swift */ = {isa = PBXFileReference; lastKnownFileType = sourcecode.swift; path = ViewController.swift; sourceTree = "<group>"; };
		C11CBB8F21F8BC8500BFB01C /* Base */ = {isa = PBXFileReference; lastKnownFileType = file.storyboard; name = Base; path = Base.lproj/Main.storyboard; sourceTree = "<group>"; };
		C11CBB9121F8BC8600BFB01C /* Assets.xcassets */ = {isa = PBXFileReference; lastKnownFileType = folder.assetcatalog; path = Assets.xcassets; sourceTree = "<group>"; };
		C11CBB9421F8BC8600BFB01C /* Base */ = {isa = PBXFileReference; lastKnownFileType = file.storyboard; name = Base; path = Base.lproj/LaunchScreen.storyboard; sourceTree = "<group>"; };
		C11CBB9621F8BC8600BFB01C /* Info.plist */ = {isa = PBXFileReference; lastKnownFileType = text.plist.xml; path = Info.plist; sourceTree = "<group>"; };
		C129DEED22034B7E004C2D45 /* NetworkLayer.swift */ = {isa = PBXFileReference; lastKnownFileType = sourcecode.swift; path = NetworkLayer.swift; sourceTree = "<group>"; };
		C129DEEF22034BAE004C2D45 /* BaseViewController.swift */ = {isa = PBXFileReference; lastKnownFileType = sourcecode.swift; path = BaseViewController.swift; sourceTree = "<group>"; };
		C129DEF122034BBD004C2D45 /* ViewViewController.swift */ = {isa = PBXFileReference; lastKnownFileType = sourcecode.swift; path = ViewViewController.swift; sourceTree = "<group>"; };
		C129DEF322034BCB004C2D45 /* ModelViewController.swift */ = {isa = PBXFileReference; lastKnownFileType = sourcecode.swift; path = ModelViewController.swift; sourceTree = "<group>"; };
		C1A28FDE221C671E00CA41F0 /* CreateUserViewController.swift */ = {isa = PBXFileReference; lastKnownFileType = sourcecode.swift; path = CreateUserViewController.swift; sourceTree = "<group>"; };
		C1D260B9222834F000B376D8 /* GoogleService-Info.plist */ = {isa = PBXFileReference; fileEncoding = 4; lastKnownFileType = text.plist.xml; path = "GoogleService-Info.plist"; sourceTree = "<group>"; };
		C1D4FBB7220C72EB00046E5D /* MovieInfoModel.swift */ = {isa = PBXFileReference; lastKnownFileType = sourcecode.swift; path = MovieInfoModel.swift; sourceTree = "<group>"; };
		C1D4FBB9220C78C000046E5D /* MovieInfoCell.swift */ = {isa = PBXFileReference; lastKnownFileType = sourcecode.swift; path = MovieInfoCell.swift; sourceTree = "<group>"; };
		C1D4FBBA220C78C000046E5D /* MovieInfoCell.xib */ = {isa = PBXFileReference; lastKnownFileType = file.xib; path = MovieInfoCell.xib; sourceTree = "<group>"; };
		E7F31E56ED6B612E28CB642B /* Pods-Mamut.release.xcconfig */ = {isa = PBXFileReference; includeInIndex = 1; lastKnownFileType = text.xcconfig; name = "Pods-Mamut.release.xcconfig"; path = "Target Support Files/Pods-Mamut/Pods-Mamut.release.xcconfig"; sourceTree = "<group>"; };
/* End PBXFileReference section */

/* Begin PBXFrameworksBuildPhase section */
		C11CBB8421F8BC8500BFB01C /* Frameworks */ = {
			isa = PBXFrameworksBuildPhase;
			buildActionMask = 2147483647;
			files = (
				FC54E46BED38B1483C1D5191 /* Pods_Mamut.framework in Frameworks */,
			);
			runOnlyForDeploymentPostprocessing = 0;
		};
/* End PBXFrameworksBuildPhase section */

/* Begin PBXGroup section */
		5E06AF4DA6B7A1A1488A4D8E /* Pods */ = {
			isa = PBXGroup;
			children = (
				4BD25B212A120E5BC23AC583 /* Pods-Mamut.debug.xcconfig */,
				E7F31E56ED6B612E28CB642B /* Pods-Mamut.release.xcconfig */,
			);
			path = Pods;
			sourceTree = "<group>";
		};
		93791139037DA2F829BCC424 /* Frameworks */ = {
			isa = PBXGroup;
			children = (
				45EB912732A6A41086CE1635 /* Pods_Mamut.framework */,
			);
			name = Frameworks;
			sourceTree = "<group>";
		};
		C11CBB7E21F8BC8500BFB01C = {
			isa = PBXGroup;
			children = (
				C11CBB8921F8BC8500BFB01C /* Mamut */,
				C11CBB8821F8BC8500BFB01C /* Products */,
				5E06AF4DA6B7A1A1488A4D8E /* Pods */,
				93791139037DA2F829BCC424 /* Frameworks */,
			);
			sourceTree = "<group>";
		};
		C11CBB8821F8BC8500BFB01C /* Products */ = {
			isa = PBXGroup;
			children = (
				C11CBB8721F8BC8500BFB01C /* Mamut.app */,
			);
			name = Products;
			sourceTree = "<group>";
		};
		C11CBB8921F8BC8500BFB01C /* Mamut */ = {
			isa = PBXGroup;
			children = (
				C11CBBA121F8C9C200BFB01C /* NetworkLayer */,
				C11CBBA021F8C0D400BFB01C /* Controller */,
				C11CBB9F21F8C0B500BFB01C /* View */,
				C11CBB9E21F8C0A300BFB01C /* Model */,
				C11CBB8A21F8BC8500BFB01C /* AppDelegate.swift */,
				C11CBB8C21F8BC8500BFB01C /* ViewController.swift */,
				C11CBB8E21F8BC8500BFB01C /* Main.storyboard */,
				C11CBB9121F8BC8600BFB01C /* Assets.xcassets */,
				C11CBB9321F8BC8600BFB01C /* LaunchScreen.storyboard */,
				C1D260B9222834F000B376D8 /* GoogleService-Info.plist */,
				C11CBB9621F8BC8600BFB01C /* Info.plist */,
			);
			path = Mamut;
			sourceTree = "<group>";
		};
		C11CBB9E21F8C0A300BFB01C /* Model */ = {
			isa = PBXGroup;
			children = (
				C129DEF322034BCB004C2D45 /* ModelViewController.swift */,
				C1D4FBB7220C72EB00046E5D /* MovieInfoModel.swift */,
				C1D4FBB9220C78C000046E5D /* MovieInfoCell.swift */,
				C1D4FBBA220C78C000046E5D /* MovieInfoCell.xib */,
			);
			path = Model;
			sourceTree = "<group>";
		};
		C11CBB9F21F8C0B500BFB01C /* View */ = {
			isa = PBXGroup;
			children = (
				C129DEF122034BBD004C2D45 /* ViewViewController.swift */,
				C1A28FDE221C671E00CA41F0 /* CreateUserViewController.swift */,
			);
			path = View;
			sourceTree = "<group>";
		};
		C11CBBA021F8C0D400BFB01C /* Controller */ = {
			isa = PBXGroup;
			children = (
				C129DEEF22034BAE004C2D45 /* BaseViewController.swift */,
			);
			path = Controller;
			sourceTree = "<group>";
		};
		C11CBBA121F8C9C200BFB01C /* NetworkLayer */ = {
			isa = PBXGroup;
			children = (
				C129DEED22034B7E004C2D45 /* NetworkLayer.swift */,
			);
			path = NetworkLayer;
			sourceTree = "<group>";
		};
/* End PBXGroup section */

/* Begin PBXNativeTarget section */
		C11CBB8621F8BC8500BFB01C /* Mamut */ = {
			isa = PBXNativeTarget;
			buildConfigurationList = C11CBB9921F8BC8600BFB01C /* Build configuration list for PBXNativeTarget "Mamut" */;
			buildPhases = (
				794DCCD9A7E87A85236ACF0B /* [CP] Check Pods Manifest.lock */,
				C11CBB8321F8BC8500BFB01C /* Sources */,
				C11CBB8421F8BC8500BFB01C /* Frameworks */,
				C11CBB8521F8BC8500BFB01C /* Resources */,
				86828D405308125CCE3FABF3 /* [CP] Embed Pods Frameworks */,
			);
			buildRules = (
			);
			dependencies = (
			);
			name = Mamut;
			productName = Mamut;
			productReference = C11CBB8721F8BC8500BFB01C /* Mamut.app */;
			productType = "com.apple.product-type.application";
		};
/* End PBXNativeTarget section */

/* Begin PBXProject section */
		C11CBB7F21F8BC8500BFB01C /* Project object */ = {
			isa = PBXProject;
			attributes = {
				LastSwiftUpdateCheck = 1010;
				LastUpgradeCheck = 1010;
				ORGANIZATIONNAME = Merry;
				TargetAttributes = {
					C11CBB8621F8BC8500BFB01C = {
						CreatedOnToolsVersion = 10.1;
					};
				};
			};
			buildConfigurationList = C11CBB8221F8BC8500BFB01C /* Build configuration list for PBXProject "Mamut" */;
			compatibilityVersion = "Xcode 9.3";
			developmentRegion = en;
			hasScannedForEncodings = 0;
			knownRegions = (
				en,
				Base,
			);
			mainGroup = C11CBB7E21F8BC8500BFB01C;
			productRefGroup = C11CBB8821F8BC8500BFB01C /* Products */;
			projectDirPath = "";
			projectRoot = "";
			targets = (
				C11CBB8621F8BC8500BFB01C /* Mamut */,
			);
		};
/* End PBXProject section */

/* Begin PBXResourcesBuildPhase section */
		C11CBB8521F8BC8500BFB01C /* Resources */ = {
			isa = PBXResourcesBuildPhase;
			buildActionMask = 2147483647;
			files = (
				C11CBB9521F8BC8600BFB01C /* LaunchScreen.storyboard in Resources */,
				C11CBB9221F8BC8600BFB01C /* Assets.xcassets in Resources */,
				C1D260BA222834F000B376D8 /* GoogleService-Info.plist in Resources */,
				C1D4FBBC220C78C000046E5D /* MovieInfoCell.xib in Resources */,
				C11CBB9021F8BC8500BFB01C /* Main.storyboard in Resources */,
			);
			runOnlyForDeploymentPostprocessing = 0;
		};
/* End PBXResourcesBuildPhase section */

/* Begin PBXShellScriptBuildPhase section */
		794DCCD9A7E87A85236ACF0B /* [CP] Check Pods Manifest.lock */ = {
			isa = PBXShellScriptBuildPhase;
			buildActionMask = 2147483647;
			files = (
			);
			inputFileListPaths = (
			);
			inputPaths = (
				"${PODS_PODFILE_DIR_PATH}/Podfile.lock",
				"${PODS_ROOT}/Manifest.lock",
			);
			name = "[CP] Check Pods Manifest.lock";
			outputFileListPaths = (
			);
			outputPaths = (
				"$(DERIVED_FILE_DIR)/Pods-Mamut-checkManifestLockResult.txt",
			);
			runOnlyForDeploymentPostprocessing = 0;
			shellPath = /bin/sh;
			shellScript = "diff \"${PODS_PODFILE_DIR_PATH}/Podfile.lock\" \"${PODS_ROOT}/Manifest.lock\" > /dev/null\nif [ $? != 0 ] ; then\n    # print error to STDERR\n    echo \"error: The sandbox is not in sync with the Podfile.lock. Run 'pod install' or update your CocoaPods installation.\" >&2\n    exit 1\nfi\n# This output is used by Xcode 'outputs' to avoid re-running this script phase.\necho \"SUCCESS\" > \"${SCRIPT_OUTPUT_FILE_0}\"\n";
			showEnvVarsInLog = 0;
		};
		86828D405308125CCE3FABF3 /* [CP] Embed Pods Frameworks */ = {
			isa = PBXShellScriptBuildPhase;
			buildActionMask = 2147483647;
			files = (
			);
			inputFileListPaths = (
			);
			inputPaths = (
				"${PODS_ROOT}/Target Support Files/Pods-Mamut/Pods-Mamut-frameworks.sh",
				"${BUILT_PRODUCTS_DIR}/Alamofire/Alamofire.framework",
				"${BUILT_PRODUCTS_DIR}/Bolts/Bolts.framework",
				"${BUILT_PRODUCTS_DIR}/FBSDKCoreKit/FBSDKCoreKit.framework",
				"${BUILT_PRODUCTS_DIR}/FBSDKLoginKit/FBSDKLoginKit.framework",
				"${BUILT_PRODUCTS_DIR}/FacebookCore/FacebookCore.framework",
				"${BUILT_PRODUCTS_DIR}/FacebookLogin/FacebookLogin.framework",
				"${BUILT_PRODUCTS_DIR}/GTMSessionFetcher/GTMSessionFetcher.framework",
				"${BUILT_PRODUCTS_DIR}/GoogleUtilities/GoogleUtilities.framework",
				"${BUILT_PRODUCTS_DIR}/nanopb/nanopb.framework",
			);
			name = "[CP] Embed Pods Frameworks";
			outputFileListPaths = (
			);
			outputPaths = (
				"${TARGET_BUILD_DIR}/${FRAMEWORKS_FOLDER_PATH}/Alamofire.framework",
				"${TARGET_BUILD_DIR}/${FRAMEWORKS_FOLDER_PATH}/Bolts.framework",
				"${TARGET_BUILD_DIR}/${FRAMEWORKS_FOLDER_PATH}/FBSDKCoreKit.framework",
				"${TARGET_BUILD_DIR}/${FRAMEWORKS_FOLDER_PATH}/FBSDKLoginKit.framework",
				"${TARGET_BUILD_DIR}/${FRAMEWORKS_FOLDER_PATH}/FacebookCore.framework",
				"${TARGET_BUILD_DIR}/${FRAMEWORKS_FOLDER_PATH}/FacebookLogin.framework",
				"${TARGET_BUILD_DIR}/${FRAMEWORKS_FOLDER_PATH}/GTMSessionFetcher.framework",
				"${TARGET_BUILD_DIR}/${FRAMEWORKS_FOLDER_PATH}/GoogleUtilities.framework",
				"${TARGET_BUILD_DIR}/${FRAMEWORKS_FOLDER_PATH}/nanopb.framework",
			);
			runOnlyForDeploymentPostprocessing = 0;
			shellPath = /bin/sh;
			shellScript = "\"${PODS_ROOT}/Target Support Files/Pods-Mamut/Pods-Mamut-frameworks.sh\"\n";
			showEnvVarsInLog = 0;
		};
/* End PBXShellScriptBuildPhase section */

/* Begin PBXSourcesBuildPhase section */
		C11CBB8321F8BC8500BFB01C /* Sources */ = {
			isa = PBXSourcesBuildPhase;
			buildActionMask = 2147483647;
			files = (
				C1D4FBB8220C72EB00046E5D /* MovieInfoModel.swift in Sources */,
				C129DEEE22034B7E004C2D45 /* NetworkLayer.swift in Sources */,
				C129DEF022034BAE004C2D45 /* BaseViewController.swift in Sources */,
				C129DEF422034BCB004C2D45 /* ModelViewController.swift in Sources */,
				C1D4FBBB220C78C000046E5D /* MovieInfoCell.swift in Sources */,
				C1A28FDF221C671E00CA41F0 /* CreateUserViewController.swift in Sources */,
				C129DEF222034BBD004C2D45 /* ViewViewController.swift in Sources */,
				C11CBB8D21F8BC8500BFB01C /* ViewController.swift in Sources */,
				C11CBB8B21F8BC8500BFB01C /* AppDelegate.swift in Sources */,
			);
			runOnlyForDeploymentPostprocessing = 0;
		};
/* End PBXSourcesBuildPhase section */

/* Begin PBXVariantGroup section */
		C11CBB8E21F8BC8500BFB01C /* Main.storyboard */ = {
			isa = PBXVariantGroup;
			children = (
				C11CBB8F21F8BC8500BFB01C /* Base */,
			);
			name = Main.storyboard;
			sourceTree = "<group>";
		};
		C11CBB9321F8BC8600BFB01C /* LaunchScreen.storyboard */ = {
			isa = PBXVariantGroup;
			children = (
				C11CBB9421F8BC8600BFB01C /* Base */,
			);
			name = LaunchScreen.storyboard;
			sourceTree = "<group>";
		};
/* End PBXVariantGroup section */

/* Begin XCBuildConfiguration section */
		C11CBB9721F8BC8600BFB01C /* Debug */ = {
			isa = XCBuildConfiguration;
			buildSettings = {
				ALWAYS_SEARCH_USER_PATHS = NO;
				CLANG_ANALYZER_NONNULL = YES;
				CLANG_ANALYZER_NUMBER_OBJECT_CONVERSION = YES_AGGRESSIVE;
				CLANG_CXX_LANGUAGE_STANDARD = "gnu++14";
				CLANG_CXX_LIBRARY = "libc++";
				CLANG_ENABLE_MODULES = YES;
				CLANG_ENABLE_OBJC_ARC = YES;
				CLANG_ENABLE_OBJC_WEAK = YES;
				CLANG_WARN_BLOCK_CAPTURE_AUTORELEASING = YES;
				CLANG_WARN_BOOL_CONVERSION = YES;
				CLANG_WARN_COMMA = YES;
				CLANG_WARN_CONSTANT_CONVERSION = YES;
				CLANG_WARN_DEPRECATED_OBJC_IMPLEMENTATIONS = YES;
				CLANG_WARN_DIRECT_OBJC_ISA_USAGE = YES_ERROR;
				CLANG_WARN_DOCUMENTATION_COMMENTS = YES;
				CLANG_WARN_EMPTY_BODY = YES;
				CLANG_WARN_ENUM_CONVERSION = YES;
				CLANG_WARN_INFINITE_RECURSION = YES;
				CLANG_WARN_INT_CONVERSION = YES;
				CLANG_WARN_NON_LITERAL_NULL_CONVERSION = YES;
				CLANG_WARN_OBJC_IMPLICIT_RETAIN_SELF = YES;
				CLANG_WARN_OBJC_LITERAL_CONVERSION = YES;
				CLANG_WARN_OBJC_ROOT_CLASS = YES_ERROR;
				CLANG_WARN_RANGE_LOOP_ANALYSIS = YES;
				CLANG_WARN_STRICT_PROTOTYPES = YES;
				CLANG_WARN_SUSPICIOUS_MOVE = YES;
				CLANG_WARN_UNGUARDED_AVAILABILITY = YES_AGGRESSIVE;
				CLANG_WARN_UNREACHABLE_CODE = YES;
				CLANG_WARN__DUPLICATE_METHOD_MATCH = YES;
				CODE_SIGN_IDENTITY = "iPhone Developer";
				COPY_PHASE_STRIP = NO;
				DEBUG_INFORMATION_FORMAT = dwarf;
				ENABLE_STRICT_OBJC_MSGSEND = YES;
				ENABLE_TESTABILITY = YES;
				GCC_C_LANGUAGE_STANDARD = gnu11;
				GCC_DYNAMIC_NO_PIC = NO;
				GCC_NO_COMMON_BLOCKS = YES;
				GCC_OPTIMIZATION_LEVEL = 0;
				GCC_PREPROCESSOR_DEFINITIONS = (
					"DEBUG=1",
					"$(inherited)",
				);
				GCC_WARN_64_TO_32_BIT_CONVERSION = YES;
				GCC_WARN_ABOUT_RETURN_TYPE = YES_ERROR;
				GCC_WARN_UNDECLARED_SELECTOR = YES;
				GCC_WARN_UNINITIALIZED_AUTOS = YES_AGGRESSIVE;
				GCC_WARN_UNUSED_FUNCTION = YES;
				GCC_WARN_UNUSED_VARIABLE = YES;
				IPHONEOS_DEPLOYMENT_TARGET = 12.1;
				MTL_ENABLE_DEBUG_INFO = INCLUDE_SOURCE;
				MTL_FAST_MATH = YES;
				ONLY_ACTIVE_ARCH = YES;
				SDKROOT = iphoneos;
				SWIFT_ACTIVE_COMPILATION_CONDITIONS = DEBUG;
				SWIFT_OPTIMIZATION_LEVEL = "-Onone";
			};
			name = Debug;
		};
		C11CBB9821F8BC8600BFB01C /* Release */ = {
			isa = XCBuildConfiguration;
			buildSettings = {
				ALWAYS_SEARCH_USER_PATHS = NO;
				CLANG_ANALYZER_NONNULL = YES;
				CLANG_ANALYZER_NUMBER_OBJECT_CONVERSION = YES_AGGRESSIVE;
				CLANG_CXX_LANGUAGE_STANDARD = "gnu++14";
				CLANG_CXX_LIBRARY = "libc++";
				CLANG_ENABLE_MODULES = YES;
				CLANG_ENABLE_OBJC_ARC = YES;
				CLANG_ENABLE_OBJC_WEAK = YES;
				CLANG_WARN_BLOCK_CAPTURE_AUTORELEASING = YES;
				CLANG_WARN_BOOL_CONVERSION = YES;
				CLANG_WARN_COMMA = YES;
				CLANG_WARN_CONSTANT_CONVERSION = YES;
				CLANG_WARN_DEPRECATED_OBJC_IMPLEMENTATIONS = YES;
				CLANG_WARN_DIRECT_OBJC_ISA_USAGE = YES_ERROR;
				CLANG_WARN_DOCUMENTATION_COMMENTS = YES;
				CLANG_WARN_EMPTY_BODY = YES;
				CLANG_WARN_ENUM_CONVERSION = YES;
				CLANG_WARN_INFINITE_RECURSION = YES;
				CLANG_WARN_INT_CONVERSION = YES;
				CLANG_WARN_NON_LITERAL_NULL_CONVERSION = YES;
				CLANG_WARN_OBJC_IMPLICIT_RETAIN_SELF = YES;
				CLANG_WARN_OBJC_LITERAL_CONVERSION = YES;
				CLANG_WARN_OBJC_ROOT_CLASS = YES_ERROR;
				CLANG_WARN_RANGE_LOOP_ANALYSIS = YES;
				CLANG_WARN_STRICT_PROTOTYPES = YES;
				CLANG_WARN_SUSPICIOUS_MOVE = YES;
				CLANG_WARN_UNGUARDED_AVAILABILITY = YES_AGGRESSIVE;
				CLANG_WARN_UNREACHABLE_CODE = YES;
				CLANG_WARN__DUPLICATE_METHOD_MATCH = YES;
				CODE_SIGN_IDENTITY = "iPhone Developer";
				COPY_PHASE_STRIP = NO;
				DEBUG_INFORMATION_FORMAT = "dwarf-with-dsym";
				ENABLE_NS_ASSERTIONS = NO;
				ENABLE_STRICT_OBJC_MSGSEND = YES;
				GCC_C_LANGUAGE_STANDARD = gnu11;
				GCC_NO_COMMON_BLOCKS = YES;
				GCC_WARN_64_TO_32_BIT_CONVERSION = YES;
				GCC_WARN_ABOUT_RETURN_TYPE = YES_ERROR;
				GCC_WARN_UNDECLARED_SELECTOR = YES;
				GCC_WARN_UNINITIALIZED_AUTOS = YES_AGGRESSIVE;
				GCC_WARN_UNUSED_FUNCTION = YES;
				GCC_WARN_UNUSED_VARIABLE = YES;
				IPHONEOS_DEPLOYMENT_TARGET = 12.1;
				MTL_ENABLE_DEBUG_INFO = NO;
				MTL_FAST_MATH = YES;
				SDKROOT = iphoneos;
				SWIFT_COMPILATION_MODE = wholemodule;
				SWIFT_OPTIMIZATION_LEVEL = "-O";
				VALIDATE_PRODUCT = YES;
			};
			name = Release;
		};
		C11CBB9A21F8BC8600BFB01C /* Debug */ = {
			isa = XCBuildConfiguration;
			baseConfigurationReference = 4BD25B212A120E5BC23AC583 /* Pods-Mamut.debug.xcconfig */;
			buildSettings = {
				ASSETCATALOG_COMPILER_APPICON_NAME = AppIcon;
				CODE_SIGN_STYLE = Automatic;
				DEVELOPMENT_TEAM = C2MNJ3B2E9;
				INFOPLIST_FILE = Mamut/Info.plist;
				LD_RUNPATH_SEARCH_PATHS = (
					"$(inherited)",
					"@executable_path/Frameworks",
				);
				PRODUCT_BUNDLE_IDENTIFIER = com.mamutproject.Mamut;
				PRODUCT_NAME = "$(TARGET_NAME)";
				SWIFT_VERSION = 4.2;
				TARGETED_DEVICE_FAMILY = "1,2";
			};
			name = Debug;
		};
		C11CBB9B21F8BC8600BFB01C /* Release */ = {
			isa = XCBuildConfiguration;
			baseConfigurationReference = E7F31E56ED6B612E28CB642B /* Pods-Mamut.release.xcconfig */;
			buildSettings = {
				ASSETCATALOG_COMPILER_APPICON_NAME = AppIcon;
				CODE_SIGN_STYLE = Automatic;
				DEVELOPMENT_TEAM = C2MNJ3B2E9;
				INFOPLIST_FILE = Mamut/Info.plist;
				LD_RUNPATH_SEARCH_PATHS = (
					"$(inherited)",
					"@executable_path/Frameworks",
				);
				PRODUCT_BUNDLE_IDENTIFIER = com.mamutproject.Mamut;
				PRODUCT_NAME = "$(TARGET_NAME)";
				SWIFT_VERSION = 4.2;
				TARGETED_DEVICE_FAMILY = "1,2";
			};
			name = Release;
		};
/* End XCBuildConfiguration section */

/* Begin XCConfigurationList section */
		C11CBB8221F8BC8500BFB01C /* Build configuration list for PBXProject "Mamut" */ = {
			isa = XCConfigurationList;
			buildConfigurations = (
				C11CBB9721F8BC8600BFB01C /* Debug */,
				C11CBB9821F8BC8600BFB01C /* Release */,
			);
			defaultConfigurationIsVisible = 0;
			defaultConfigurationName = Release;
		};
		C11CBB9921F8BC8600BFB01C /* Build configuration list for PBXNativeTarget "Mamut" */ = {
			isa = XCConfigurationList;
			buildConfigurations = (
				C11CBB9A21F8BC8600BFB01C /* Debug */,
				C11CBB9B21F8BC8600BFB01C /* Release */,
			);
			defaultConfigurationIsVisible = 0;
			defaultConfigurationName = Release;
		};
/* End XCConfigurationList section */
	};
	rootObject = C11CBB7F21F8BC8500BFB01C /* Project object */;
}
